# This file is generated by running "yarn install" inside your project.
# Manual changes might be lost - proceed with caution!

__metadata:
  version: 6
  cacheKey: 8

"@next/env@npm:13.4.19":
  version: 13.4.19
  resolution: "@next/env@npm:13.4.19"
  checksum: ace4f82890954ade0164fbe2b7ff988268d2b99b2e80caa6707c51fa4cbfaaa31e48fbbcecd4fd142af3503c544e1b4c91e8185d4af253c8fb46550e9e70ad7e
  languageName: node
  linkType: hard

"@next/swc-darwin-arm64@npm:13.4.19":
  version: 13.4.19
  resolution: "@next/swc-darwin-arm64@npm:13.4.19"
  conditions: os=darwin & cpu=arm64
  languageName: node
  linkType: hard

"@next/swc-darwin-x64@npm:13.4.19":
  version: 13.4.19
  resolution: "@next/swc-darwin-x64@npm:13.4.19"
  conditions: os=darwin & cpu=x64
  languageName: node
  linkType: hard

"@next/swc-linux-arm64-gnu@npm:13.4.19":
  version: 13.4.19
  resolution: "@next/swc-linux-arm64-gnu@npm:13.4.19"
  conditions: os=linux & cpu=arm64 & libc=glibc
  languageName: node
  linkType: hard

"@next/swc-linux-arm64-musl@npm:13.4.19":
  version: 13.4.19
  resolution: "@next/swc-linux-arm64-musl@npm:13.4.19"
  conditions: os=linux & cpu=arm64 & libc=musl
  languageName: node
  linkType: hard

"@next/swc-linux-x64-gnu@npm:13.4.19":
  version: 13.4.19
  resolution: "@next/swc-linux-x64-gnu@npm:13.4.19"
  conditions: os=linux & cpu=x64 & libc=glibc
  languageName: node
  linkType: hard

"@next/swc-linux-x64-musl@npm:13.4.19":
  version: 13.4.19
  resolution: "@next/swc-linux-x64-musl@npm:13.4.19"
  conditions: os=linux & cpu=x64 & libc=musl
  languageName: node
  linkType: hard

"@next/swc-win32-arm64-msvc@npm:13.4.19":
  version: 13.4.19
  resolution: "@next/swc-win32-arm64-msvc@npm:13.4.19"
  conditions: os=win32 & cpu=arm64
  languageName: node
  linkType: hard

"@next/swc-win32-ia32-msvc@npm:13.4.19":
  version: 13.4.19
  resolution: "@next/swc-win32-ia32-msvc@npm:13.4.19"
  conditions: os=win32 & cpu=ia32
  languageName: node
  linkType: hard

"@next/swc-win32-x64-msvc@npm:13.4.19":
  version: 13.4.19
  resolution: "@next/swc-win32-x64-msvc@npm:13.4.19"
  conditions: os=win32 & cpu=x64
  languageName: node
  linkType: hard

"@swc/helpers@npm:0.5.1":
  version: 0.5.1
  resolution: "@swc/helpers@npm:0.5.1"
  dependencies:
    tslib: ^2.4.0
  checksum: 71e0e27234590435e4c62b97ef5e796f88e786841a38c7116a5e27a3eafa7b9ead7cdec5249b32165902076de78446945311c973e59bddf77c1e24f33a8f272a
  languageName: node
  linkType: hard

"@tanstack/match-sorter-utils@npm:^8.7.0":
  version: 8.8.4
  resolution: "@tanstack/match-sorter-utils@npm:8.8.4"
  dependencies:
    remove-accents: 0.4.2
  checksum: d005f500754f52ef94966cbbe4217f26e7e3c07291faa2578b06bca9a5abe01689569994c37a1d01c6e783addf5ffbb28fa82eba7961d36eabf43ec43d1e496b
  languageName: node
  linkType: hard

"@tanstack/query-core@npm:4.35.0":
  version: 4.35.0
  resolution: "@tanstack/query-core@npm:4.35.0"
  checksum: 7a6f24164bce5d7367e2bb58f94380d9608bf4df2726e4e8b0e4f42e84d40cc7883baab2127c0c7e8eaa5c4d444a80c1e5f6e7930d21768a863c82baf22a75d4
  languageName: node
  linkType: hard

"@tanstack/react-query-devtools@npm:^4.35.0":
  version: 4.35.0
  resolution: "@tanstack/react-query-devtools@npm:4.35.0"
  dependencies:
    "@tanstack/match-sorter-utils": ^8.7.0
    superjson: ^1.10.0
    use-sync-external-store: ^1.2.0
  peerDependencies:
    "@tanstack/react-query": ^4.35.0
    react: ^16.8.0 || ^17.0.0 || ^18.0.0
    react-dom: ^16.8.0 || ^17.0.0 || ^18.0.0
  checksum: e634b16bf06fc1e3609368073eaef26cf9a01ec2257e43ab59151c82033a612709231f55cab82a3395173899483a197077478482db728163f78dd338f49c74ee
  languageName: node
  linkType: hard

"@tanstack/react-query@npm:^4.35.0":
  version: 4.35.0
  resolution: "@tanstack/react-query@npm:4.35.0"
  dependencies:
    "@tanstack/query-core": 4.35.0
    use-sync-external-store: ^1.2.0
  peerDependencies:
    react: ^16.8.0 || ^17.0.0 || ^18.0.0
    react-dom: ^16.8.0 || ^17.0.0 || ^18.0.0
    react-native: "*"
  peerDependenciesMeta:
    react-dom:
      optional: true
    react-native:
      optional: true
  checksum: d3a140a010f0266eca9dae83c4995f2b541ceb8cafafd7247c5c17ec4e09416d2f2a88450f23ebab45c132125e4e4222e77a69354c0dd5d459170c7a24f1b172
  languageName: node
  linkType: hard

"@types/axios@npm:^0.14.0":
  version: 0.14.0
  resolution: "@types/axios@npm:0.14.0"
  dependencies:
    axios: "*"
  checksum: 12a230b9404055d81804cb57fe4739b2317111b28a39e2477b2513250e8b85725e6f6ce509fc2a9494a6da60facb8d80df875fcd747f62f6c3abebc7db60ae66
  languageName: node
  linkType: hard

"@types/node@npm:20.5.9":
  version: 20.5.9
  resolution: "@types/node@npm:20.5.9"
  checksum: 717490e94131722144878b4ca1a963ede1673bb8f2ef78c2f5b50b918df6dc9b35e7f8283e5c2a7a9f137730f7c08dc6228e53d4494a94c9ee16881e6ce6caed
  languageName: node
  linkType: hard

"@types/prop-types@npm:*":
  version: 15.7.5
  resolution: "@types/prop-types@npm:15.7.5"
  checksum: 5b43b8b15415e1f298243165f1d44390403bb2bd42e662bca3b5b5633fdd39c938e91b7fce3a9483699db0f7a715d08cef220c121f723a634972fdf596aec980
  languageName: node
  linkType: hard

"@types/react-dom@npm:18.2.7":
  version: 18.2.7
  resolution: "@types/react-dom@npm:18.2.7"
  dependencies:
    "@types/react": "*"
  checksum: e02ea908289a7ad26053308248d2b87f6aeafd73d0e2de2a3d435947bcea0422599016ffd1c3e38ff36c42f5e1c87c7417f05b0a157e48649e4a02f21727d54f
  languageName: node
  linkType: hard

"@types/react@npm:*, @types/react@npm:18.2.21":
  version: 18.2.21
  resolution: "@types/react@npm:18.2.21"
  dependencies:
    "@types/prop-types": "*"
    "@types/scheduler": "*"
    csstype: ^3.0.2
  checksum: ffed203bfe7aad772b8286f7953305c9181ac3a8f27d3f5400fbbc2a8e27ca8e5bbff818ee014f39ca0d19d2b3bb154e5bdbec7e232c6f80b59069375aa78349
  languageName: node
  linkType: hard

"@types/scheduler@npm:*":
  version: 0.16.3
  resolution: "@types/scheduler@npm:0.16.3"
  checksum: 2b0aec39c24268e3ce938c5db2f2e77f5c3dd280e05c262d9c2fe7d890929e4632a6b8e94334017b66b45e4f92a5aa42ba3356640c2a1175fa37bef2f5200767
  languageName: node
  linkType: hard

"ansi-regex@npm:^2.0.0":
  version: 2.1.1
  resolution: "ansi-regex@npm:2.1.1"
  checksum: 190abd03e4ff86794f338a31795d262c1dfe8c91f7e01d04f13f646f1dcb16c5800818f886047876f1272f065570ab86b24b99089f8b68a0e11ff19aed4ca8f1
  languageName: node
  linkType: hard

"ansi-styles@npm:^2.2.1":
  version: 2.2.1
  resolution: "ansi-styles@npm:2.2.1"
  checksum: ebc0e00381f2a29000d1dac8466a640ce11943cef3bda3cd0020dc042e31e1058ab59bf6169cd794a54c3a7338a61ebc404b7c91e004092dd20e028c432c9c2c
  languageName: node
  linkType: hard

"array-find-index@npm:^1.0.1":
  version: 1.0.2
  resolution: "array-find-index@npm:1.0.2"
  checksum: aac128bf369e1ac6c06ff0bb330788371c0e256f71279fb92d745e26fb4b9db8920e485b4ec25e841c93146bf71a34dcdbcefa115e7e0f96927a214d237b7081
  languageName: node
  linkType: hard

"asynckit@npm:^0.4.0":
  version: 0.4.0
  resolution: "asynckit@npm:0.4.0"
  checksum: 7b78c451df768adba04e2d02e63e2d0bf3b07adcd6e42b4cf665cb7ce899bedd344c69a1dcbce355b5f972d597b25aaa1c1742b52cffd9caccb22f348114f6be
  languageName: node
  linkType: hard

"axios@npm:*, axios@npm:^1.5.0":
  version: 1.5.0
  resolution: "axios@npm:1.5.0"
  dependencies:
    follow-redirects: ^1.15.0
    form-data: ^4.0.0
    proxy-from-env: ^1.1.0
  checksum: e7405a5dbbea97760d0e6cd58fecba311b0401ddb4a8efbc4108f5537da9b3f278bde566deb777935a960beec4fa18e7b8353881f2f465e4f2c0e949fead35be
  languageName: node
  linkType: hard

"busboy@npm:1.6.0":
  version: 1.6.0
  resolution: "busboy@npm:1.6.0"
  dependencies:
    streamsearch: ^1.1.0
  checksum: 32801e2c0164e12106bf236291a00795c3c4e4b709ae02132883fe8478ba2ae23743b11c5735a0aae8afe65ac4b6ca4568b91f0d9fed1fdbc32ede824a73746e
  languageName: node
  linkType: hard

"camelcase-keys@npm:^2.0.0":
  version: 2.1.0
  resolution: "camelcase-keys@npm:2.1.0"
  dependencies:
    camelcase: ^2.0.0
    map-obj: ^1.0.0
  checksum: 97d2993da5db44d45e285910c70a54ce7f83a2be05afceaafd9831f7aeaf38a48dcdede5ca3aae2b2694852281d38dc459706e346942c5df0bf755f4133f5c39
  languageName: node
  linkType: hard

"camelcase@npm:^2.0.0":
  version: 2.1.1
  resolution: "camelcase@npm:2.1.1"
  checksum: 20a3ef08f348de832631d605362ffe447d883ada89617144a82649363ed5860923b021f8e09681624ef774afb93ff3597cfbcf8aaf0574f65af7648f1aea5e50
  languageName: node
  linkType: hard

"caniuse-lite@npm:^1.0.30001406":
  version: 1.0.30001529
  resolution: "caniuse-lite@npm:1.0.30001529"
  checksum: 26a7d42fff3a7e33db543af6b434aceb08c799e5e00795a54296b99b2fdddb7f31a0040600d3fc2ca4b1e6cf7e4ead46cc87ac53751ea8dab47ef355f6809511
  languageName: node
  linkType: hard

"chalk@npm:^1.1.1":
  version: 1.1.3
  resolution: "chalk@npm:1.1.3"
  dependencies:
    ansi-styles: ^2.2.1
    escape-string-regexp: ^1.0.2
    has-ansi: ^2.0.0
    strip-ansi: ^3.0.0
    supports-color: ^2.0.0
  checksum: 9d2ea6b98fc2b7878829eec223abcf404622db6c48396a9b9257f6d0ead2acf18231ae368d6a664a83f272b0679158da12e97b5229f794939e555cc574478acd
  languageName: node
  linkType: hard

"client-only@npm:0.0.1":
  version: 0.0.1
  resolution: "client-only@npm:0.0.1"
  checksum: 0c16bf660dadb90610553c1d8946a7fdfb81d624adea073b8440b7d795d5b5b08beb3c950c6a2cf16279365a3265158a236876d92bce16423c485c322d7dfaf8
  languageName: node
  linkType: hard

"combined-stream@npm:^1.0.8":
  version: 1.0.8
  resolution: "combined-stream@npm:1.0.8"
  dependencies:
    delayed-stream: ~1.0.0
  checksum: 49fa4aeb4916567e33ea81d088f6584749fc90c7abec76fd516bf1c5aa5c79f3584b5ba3de6b86d26ddd64bae5329c4c7479343250cfe71c75bb366eae53bb7c
  languageName: node
  linkType: hard

"copy-anything@npm:^3.0.2":
  version: 3.0.5
  resolution: "copy-anything@npm:3.0.5"
  dependencies:
    is-what: ^4.1.8
  checksum: d39f6601c16b7cbd81cdb1c1f40f2bf0f2ca0297601cf7bfbb4ef1d85374a6a89c559502329f5bada36604464df17623e111fe19a9bb0c3f6b1c92fe2cbe972f
  languageName: node
  linkType: hard

"csstype@npm:^3.0.2":
  version: 3.1.2
  resolution: "csstype@npm:3.1.2"
  checksum: e1a52e6c25c1314d6beef5168da704ab29c5186b877c07d822bd0806717d9a265e8493a2e35ca7e68d0f5d472d43fac1cdce70fd79fd0853dff81f3028d857b5
  languageName: node
  linkType: hard

"currently-unhandled@npm:^0.4.1":
  version: 0.4.1
  resolution: "currently-unhandled@npm:0.4.1"
  dependencies:
    array-find-index: ^1.0.1
  checksum: 1f59fe10b5339b54b1a1eee110022f663f3495cf7cf2f480686e89edc7fa8bfe42dbab4b54f85034bc8b092a76cc7becbc2dad4f9adad332ab5831bec39ad540
  languageName: node
  linkType: hard

"dateutil@npm:^0.1.0":
  version: 0.1.0
  resolution: "dateutil@npm:0.1.0"
  checksum: 928da42416b71912556656d328db9385484122de4fcfa4d7f219f6f64fe05893e9a491edc4932c63b16e28980cb010cf179f64f37e7231296afa0c71b405a9c1
  languageName: node
  linkType: hard

"decamelize@npm:^1.1.2":
  version: 1.2.0
  resolution: "decamelize@npm:1.2.0"
  checksum: ad8c51a7e7e0720c70ec2eeb1163b66da03e7616d7b98c9ef43cce2416395e84c1e9548dd94f5f6ffecfee9f8b94251fc57121a8b021f2ff2469b2bae247b8aa
  languageName: node
  linkType: hard

"delayed-stream@npm:~1.0.0":
  version: 1.0.0
  resolution: "delayed-stream@npm:1.0.0"
  checksum: 46fe6e83e2cb1d85ba50bd52803c68be9bd953282fa7096f51fc29edd5d67ff84ff753c51966061e5ba7cb5e47ef6d36a91924eddb7f3f3483b1c560f77a0020
  languageName: node
  linkType: hard

"error-ex@npm:^1.2.0":
  version: 1.3.2
  resolution: "error-ex@npm:1.3.2"
  dependencies:
    is-arrayish: ^0.2.1
  checksum: c1c2b8b65f9c91b0f9d75f0debaa7ec5b35c266c2cac5de412c1a6de86d4cbae04ae44e510378cb14d032d0645a36925d0186f8bb7367bcc629db256b743a001
  languageName: node
  linkType: hard

"escape-string-regexp@npm:^1.0.2":
  version: 1.0.5
  resolution: "escape-string-regexp@npm:1.0.5"
  checksum: 6092fda75c63b110c706b6a9bfde8a612ad595b628f0bd2147eea1d3406723020810e591effc7db1da91d80a71a737a313567c5abb3813e8d9c71f4aa595b410
  languageName: node
  linkType: hard

"eslint-config-prettier@npm:^9.0.0":
  version: 9.0.0
  resolution: "eslint-config-prettier@npm:9.0.0"
  peerDependencies:
    eslint: ">=7.0.0"
  bin:
    eslint-config-prettier: bin/cli.js
  checksum: 362e991b6cb343f79362bada2d97c202e5303e6865888918a7445c555fb75e4c078b01278e90be98aa98ae22f8597d8e93d48314bec6824f540f7efcab3ce451
  languageName: node
  linkType: hard

"find-up@npm:^1.0.0":
  version: 1.1.2
  resolution: "find-up@npm:1.1.2"
  dependencies:
    path-exists: ^2.0.0
    pinkie-promise: ^2.0.0
  checksum: a2cb9f4c9f06ee3a1e92ed71d5aed41ac8ae30aefa568132f6c556fac7678a5035126153b59eaec68da78ac409eef02503b2b059706bdbf232668d7245e3240a
  languageName: node
  linkType: hard

"follow-redirects@npm:^1.15.0":
  version: 1.15.2
  resolution: "follow-redirects@npm:1.15.2"
  peerDependenciesMeta:
    debug:
      optional: true
  checksum: faa66059b66358ba65c234c2f2a37fcec029dc22775f35d9ad6abac56003268baf41e55f9ee645957b32c7d9f62baf1f0b906e68267276f54ec4b4c597c2b190
  languageName: node
  linkType: hard

"form-data@npm:^4.0.0":
  version: 4.0.0
  resolution: "form-data@npm:4.0.0"
  dependencies:
    asynckit: ^0.4.0
    combined-stream: ^1.0.8
    mime-types: ^2.1.12
  checksum: 01135bf8675f9d5c61ff18e2e2932f719ca4de964e3be90ef4c36aacfc7b9cb2fceb5eca0b7e0190e3383fe51c5b37f4cb80b62ca06a99aaabfcfd6ac7c9328c
  languageName: node
  linkType: hard

"function-bind@npm:^1.1.1":
  version: 1.1.1
  resolution: "function-bind@npm:1.1.1"
  checksum: b32fbaebb3f8ec4969f033073b43f5c8befbb58f1a79e12f1d7490358150359ebd92f49e72ff0144f65f2c48ea2a605bff2d07965f548f6474fd8efd95bf361a
  languageName: node
  linkType: hard

"get-stdin@npm:^4.0.1":
  version: 4.0.1
  resolution: "get-stdin@npm:4.0.1"
  checksum: 4f73d3fe0516bc1f3dc7764466a68ad7c2ba809397a02f56c2a598120e028430fcff137a648a01876b2adfb486b4bc164119f98f1f7d7c0abd63385bdaa0113f
  languageName: node
  linkType: hard

"glob-to-regexp@npm:^0.4.1":
  version: 0.4.1
  resolution: "glob-to-regexp@npm:0.4.1"
  checksum: e795f4e8f06d2a15e86f76e4d92751cf8bbfcf0157cea5c2f0f35678a8195a750b34096b1256e436f0cebc1883b5ff0888c47348443e69546a5a87f9e1eb1167
  languageName: node
  linkType: hard

"gnomon@npm:^1.5.0":
  version: 1.5.0
  resolution: "gnomon@npm:1.5.0"
  dependencies:
    chalk: ^1.1.1
    dateutil: ^0.1.0
    meow: ^3.7.0
    repeating: ^2.0.0
    split: ^1.0.0
    through: ^2.3.8
    window-size: ^0.2.0
  bin:
    gnomon: ./bin/gnomon
  checksum: e7b21395a690e13cd2d34917f0e334cf3848eb467d5f985f643eb166faee0b00548bdd39079a42f173b4af01e3cf2b6303fd1b0d1ad0e428fb43ceec6ec846bd
  languageName: node
  linkType: hard

"graceful-fs@npm:^4.1.2":
  version: 4.2.11
  resolution: "graceful-fs@npm:4.2.11"
  checksum: ac85f94da92d8eb6b7f5a8b20ce65e43d66761c55ce85ac96df6865308390da45a8d3f0296dd3a663de65d30ba497bd46c696cc1e248c72b13d6d567138a4fc7
  languageName: node
  linkType: hard

"has-ansi@npm:^2.0.0":
  version: 2.0.0
  resolution: "has-ansi@npm:2.0.0"
  dependencies:
    ansi-regex: ^2.0.0
  checksum: 1b51daa0214440db171ff359d0a2d17bc20061164c57e76234f614c91dbd2a79ddd68dfc8ee73629366f7be45a6df5f2ea9de83f52e1ca24433f2cc78c35d8ec
  languageName: node
  linkType: hard

"has@npm:^1.0.3":
  version: 1.0.3
  resolution: "has@npm:1.0.3"
  dependencies:
    function-bind: ^1.1.1
  checksum: b9ad53d53be4af90ce5d1c38331e712522417d017d5ef1ebd0507e07c2fbad8686fffb8e12ddecd4c39ca9b9b47431afbb975b8abf7f3c3b82c98e9aad052792
  languageName: node
  linkType: hard

"hosted-git-info@npm:^2.1.4":
  version: 2.8.9
  resolution: "hosted-git-info@npm:2.8.9"
  checksum: c955394bdab888a1e9bb10eb33029e0f7ce5a2ac7b3f158099dc8c486c99e73809dca609f5694b223920ca2174db33d32b12f9a2a47141dc59607c29da5a62dd
  languageName: node
  linkType: hard

"indent-string@npm:^2.1.0":
  version: 2.1.0
  resolution: "indent-string@npm:2.1.0"
  dependencies:
    repeating: ^2.0.0
  checksum: 2fe7124311435f4d7a98f0a314d8259a4ec47ecb221110a58e2e2073e5f75c8d2b4f775f2ed199598fbe20638917e57423096539455ca8bff8eab113c9bee12c
  languageName: node
  linkType: hard

"is-arrayish@npm:^0.2.1":
  version: 0.2.1
  resolution: "is-arrayish@npm:0.2.1"
  checksum: eef4417e3c10e60e2c810b6084942b3ead455af16c4509959a27e490e7aee87cfb3f38e01bbde92220b528a0ee1a18d52b787e1458ee86174d8c7f0e58cd488f
  languageName: node
  linkType: hard

"is-core-module@npm:^2.13.0":
  version: 2.13.0
  resolution: "is-core-module@npm:2.13.0"
  dependencies:
    has: ^1.0.3
  checksum: 053ab101fb390bfeb2333360fd131387bed54e476b26860dc7f5a700bbf34a0ec4454f7c8c4d43e8a0030957e4b3db6e16d35e1890ea6fb654c833095e040355
  languageName: node
  linkType: hard

"is-finite@npm:^1.0.0":
  version: 1.1.0
  resolution: "is-finite@npm:1.1.0"
  checksum: 532b97ed3d03e04c6bd203984d9e4ba3c0c390efee492bad5d1d1cd1802a68ab27adbd3ef6382f6312bed6c8bb1bd3e325ea79a8dc8fe080ed7a06f5f97b93e7
  languageName: node
  linkType: hard

"is-utf8@npm:^0.2.0":
  version: 0.2.1
  resolution: "is-utf8@npm:0.2.1"
  checksum: 167ccd2be869fc228cc62c1a28df4b78c6b5485d15a29027d3b5dceb09b383e86a3522008b56dcac14b592b22f0a224388718c2505027a994fd8471465de54b3
  languageName: node
  linkType: hard

"is-what@npm:^4.1.8":
  version: 4.1.15
  resolution: "is-what@npm:4.1.15"
  checksum: fe27f6cd4af41be59a60caf46ec09e3071bcc69b9b12a7c871c90f54360edb6d0bc7240cb944a251fb0afa3d35635d1cecea9e70709876b368a8285128d70a89
  languageName: node
  linkType: hard

"jotai@npm:^2.4.2":
  version: 2.4.2
  resolution: "jotai@npm:2.4.2"
  peerDependencies:
    "@types/react": ">=17.0.0"
    react: ">=17.0.0"
  peerDependenciesMeta:
    "@types/react":
      optional: true
    react:
      optional: true
  checksum: b0f77afa692435ae922c8ad25f8642b98759127d686c6b3a6e8944b64f351be63e08b14bbcf7f6d2becdf68f2f5c1005b19c853271fc22052db783a2bce25efc
  languageName: node
  linkType: hard

"js-tokens@npm:^3.0.0 || ^4.0.0":
  version: 4.0.0
  resolution: "js-tokens@npm:4.0.0"
  checksum: 8a95213a5a77deb6cbe94d86340e8d9ace2b93bc367790b260101d2f36a2eaf4e4e22d9fa9cf459b38af3a32fb4190e638024cf82ec95ef708680e405ea7cc78
  languageName: node
  linkType: hard

"load-json-file@npm:^1.0.0":
  version: 1.1.0
  resolution: "load-json-file@npm:1.1.0"
  dependencies:
    graceful-fs: ^4.1.2
    parse-json: ^2.2.0
    pify: ^2.0.0
    pinkie-promise: ^2.0.0
    strip-bom: ^2.0.0
  checksum: 0e4e4f380d897e13aa236246a917527ea5a14e4fc34d49e01ce4e7e2a1e08e2740ee463a03fb021c04f594f29a178f4adb994087549d7c1c5315fcd29bf9934b
  languageName: node
  linkType: hard

"loose-envify@npm:^1.1.0":
  version: 1.4.0
  resolution: "loose-envify@npm:1.4.0"
  dependencies:
    js-tokens: ^3.0.0 || ^4.0.0
  bin:
    loose-envify: cli.js
  checksum: 6517e24e0cad87ec9888f500c5b5947032cdfe6ef65e1c1936a0c48a524b81e65542c9c3edc91c97d5bddc806ee2a985dbc79be89215d613b1de5db6d1cfe6f4
  languageName: node
  linkType: hard

"loud-rejection@npm:^1.0.0":
  version: 1.6.0
  resolution: "loud-rejection@npm:1.6.0"
  dependencies:
    currently-unhandled: ^0.4.1
    signal-exit: ^3.0.0
  checksum: 750e12defde34e8cbf263c2bff16f028a89b56e022ad6b368aa7c39495b5ac33f2349a8d00665a9b6d25c030b376396524d8a31eb0dde98aaa97956d7324f927
  languageName: node
  linkType: hard

"map-obj@npm:^1.0.0, map-obj@npm:^1.0.1":
  version: 1.0.1
  resolution: "map-obj@npm:1.0.1"
  checksum: 9949e7baec2a336e63b8d4dc71018c117c3ce6e39d2451ccbfd3b8350c547c4f6af331a4cbe1c83193d7c6b786082b6256bde843db90cb7da2a21e8fcc28afed
  languageName: node
  linkType: hard

"meow@npm:^3.7.0":
  version: 3.7.0
  resolution: "meow@npm:3.7.0"
  dependencies:
    camelcase-keys: ^2.0.0
    decamelize: ^1.1.2
    loud-rejection: ^1.0.0
    map-obj: ^1.0.1
    minimist: ^1.1.3
    normalize-package-data: ^2.3.4
    object-assign: ^4.0.1
    read-pkg-up: ^1.0.1
    redent: ^1.0.0
    trim-newlines: ^1.0.0
  checksum: 65a412e5d0d643615508007a9292799bb3e4e690597d54c9e98eb0ca3adb7b8ca8899f41ea7cb7d8277129cdcd9a1a60202b31f88e0034e6aaae02894d80999a
  languageName: node
  linkType: hard

"mime-db@npm:1.52.0":
  version: 1.52.0
  resolution: "mime-db@npm:1.52.0"
  checksum: 0d99a03585f8b39d68182803b12ac601d9c01abfa28ec56204fa330bc9f3d1c5e14beb049bafadb3dbdf646dfb94b87e24d4ec7b31b7279ef906a8ea9b6a513f
  languageName: node
  linkType: hard

"mime-types@npm:^2.1.12":
  version: 2.1.35
  resolution: "mime-types@npm:2.1.35"
  dependencies:
    mime-db: 1.52.0
  checksum: 89a5b7f1def9f3af5dad6496c5ed50191ae4331cc5389d7c521c8ad28d5fdad2d06fd81baf38fed813dc4e46bb55c8145bb0ff406330818c9cf712fb2e9b3836
  languageName: node
  linkType: hard

"minimist@npm:^1.1.3":
  version: 1.2.8
  resolution: "minimist@npm:1.2.8"
  checksum: 75a6d645fb122dad29c06a7597bddea977258957ed88d7a6df59b5cd3fe4a527e253e9bbf2e783e4b73657f9098b96a5fe96ab8a113655d4109108577ecf85b0
  languageName: node
  linkType: hard

"nanoid@npm:^3.3.4":
  version: 3.3.6
  resolution: "nanoid@npm:3.3.6"
  bin:
    nanoid: bin/nanoid.cjs
  checksum: 7d0eda657002738aa5206107bd0580aead6c95c460ef1bdd0b1a87a9c7ae6277ac2e9b945306aaa5b32c6dcb7feaf462d0f552e7f8b5718abfc6ead5c94a71b3
  languageName: node
  linkType: hard

"next-setup@workspace:.":
  version: 0.0.0-use.local
  resolution: "next-setup@workspace:."
  dependencies:
    "@tanstack/react-query": ^4.35.0
    "@tanstack/react-query-devtools": ^4.35.0
    "@types/axios": ^0.14.0
    "@types/node": 20.5.9
    "@types/react": 18.2.21
    "@types/react-dom": 18.2.7
    axios: ^1.5.0
    eslint-config-prettier: ^9.0.0
    gnomon: ^1.5.0
    jotai: ^2.4.2
    next: 13.4.19
    react: 18.2.0
    react-dom: 18.2.0
    typescript: 5.2.2
  languageName: unknown
  linkType: soft

"next@npm:13.4.19":
  version: 13.4.19
  resolution: "next@npm:13.4.19"
  dependencies:
    "@next/env": 13.4.19
    "@next/swc-darwin-arm64": 13.4.19
    "@next/swc-darwin-x64": 13.4.19
    "@next/swc-linux-arm64-gnu": 13.4.19
    "@next/swc-linux-arm64-musl": 13.4.19
    "@next/swc-linux-x64-gnu": 13.4.19
    "@next/swc-linux-x64-musl": 13.4.19
    "@next/swc-win32-arm64-msvc": 13.4.19
    "@next/swc-win32-ia32-msvc": 13.4.19
    "@next/swc-win32-x64-msvc": 13.4.19
    "@swc/helpers": 0.5.1
    busboy: 1.6.0
    caniuse-lite: ^1.0.30001406
    postcss: 8.4.14
    styled-jsx: 5.1.1
    watchpack: 2.4.0
    zod: 3.21.4
  peerDependencies:
    "@opentelemetry/api": ^1.1.0
    react: ^18.2.0
    react-dom: ^18.2.0
    sass: ^1.3.0
  dependenciesMeta:
    "@next/swc-darwin-arm64":
      optional: true
    "@next/swc-darwin-x64":
      optional: true
    "@next/swc-linux-arm64-gnu":
      optional: true
    "@next/swc-linux-arm64-musl":
      optional: true
    "@next/swc-linux-x64-gnu":
      optional: true
    "@next/swc-linux-x64-musl":
      optional: true
    "@next/swc-win32-arm64-msvc":
      optional: true
    "@next/swc-win32-ia32-msvc":
      optional: true
    "@next/swc-win32-x64-msvc":
      optional: true
  peerDependenciesMeta:
    "@opentelemetry/api":
      optional: true
    sass:
      optional: true
  bin:
    next: dist/bin/next
  checksum: f4873dab8888ed4dae14d36d7cf8dc54cd042695cf7ee41d05e8757f463d11952a594eb066143cc2f7253ea1d41c6efe681cdc3ab8c2fa6eb0815fa5a94de3dc
  languageName: node
  linkType: hard

"normalize-package-data@npm:^2.3.2, normalize-package-data@npm:^2.3.4":
  version: 2.5.0
  resolution: "normalize-package-data@npm:2.5.0"
  dependencies:
    hosted-git-info: ^2.1.4
    resolve: ^1.10.0
    semver: 2 || 3 || 4 || 5
    validate-npm-package-license: ^3.0.1
  checksum: 7999112efc35a6259bc22db460540cae06564aa65d0271e3bdfa86876d08b0e578b7b5b0028ee61b23f1cae9fc0e7847e4edc0948d3068a39a2a82853efc8499
  languageName: node
  linkType: hard

"object-assign@npm:^4.0.1":
  version: 4.1.1
  resolution: "object-assign@npm:4.1.1"
  checksum: fcc6e4ea8c7fe48abfbb552578b1c53e0d194086e2e6bbbf59e0a536381a292f39943c6e9628af05b5528aa5e3318bb30d6b2e53cadaf5b8fe9e12c4b69af23f
  languageName: node
  linkType: hard

"parse-json@npm:^2.2.0":
  version: 2.2.0
  resolution: "parse-json@npm:2.2.0"
  dependencies:
    error-ex: ^1.2.0
  checksum: dda78a63e57a47b713a038630868538f718a7ca0cd172a36887b0392ccf544ed0374902eb28f8bf3409e8b71d62b79d17062f8543afccf2745f9b0b2d2bb80ca
  languageName: node
  linkType: hard

"path-exists@npm:^2.0.0":
  version: 2.1.0
  resolution: "path-exists@npm:2.1.0"
  dependencies:
    pinkie-promise: ^2.0.0
  checksum: fdb734f1d00f225f7a0033ce6d73bff6a7f76ea08936abf0e5196fa6e54a645103538cd8aedcb90d6d8c3fa3705ded0c58a4da5948ae92aa8834892c1ab44a84
  languageName: node
  linkType: hard

"path-parse@npm:^1.0.7":
  version: 1.0.7
  resolution: "path-parse@npm:1.0.7"
  checksum: 49abf3d81115642938a8700ec580da6e830dde670be21893c62f4e10bd7dd4c3742ddc603fe24f898cba7eb0c6bc1777f8d9ac14185d34540c6d4d80cd9cae8a
  languageName: node
  linkType: hard

"path-type@npm:^1.0.0":
  version: 1.1.0
  resolution: "path-type@npm:1.1.0"
  dependencies:
    graceful-fs: ^4.1.2
    pify: ^2.0.0
    pinkie-promise: ^2.0.0
  checksum: 59a4b2c0e566baf4db3021a1ed4ec09a8b36fca960a490b54a6bcefdb9987dafe772852982b6011cd09579478a96e57960a01f75fa78a794192853c9d468fc79
  languageName: node
  linkType: hard

"picocolors@npm:^1.0.0":
  version: 1.0.0
  resolution: "picocolors@npm:1.0.0"
  checksum: a2e8092dd86c8396bdba9f2b5481032848525b3dc295ce9b57896f931e63fc16f79805144321f72976383fc249584672a75cc18d6777c6b757603f372f745981
  languageName: node
  linkType: hard

"pify@npm:^2.0.0":
  version: 2.3.0
  resolution: "pify@npm:2.3.0"
  checksum: 9503aaeaf4577acc58642ad1d25c45c6d90288596238fb68f82811c08104c800e5a7870398e9f015d82b44ecbcbef3dc3d4251a1cbb582f6e5959fe09884b2ba
  languageName: node
  linkType: hard

"pinkie-promise@npm:^2.0.0":
  version: 2.0.1
  resolution: "pinkie-promise@npm:2.0.1"
  dependencies:
    pinkie: ^2.0.0
  checksum: b53a4a2e73bf56b6f421eef711e7bdcb693d6abb474d57c5c413b809f654ba5ee750c6a96dd7225052d4b96c4d053cdcb34b708a86fceed4663303abee52fcca
  languageName: node
  linkType: hard

"pinkie@npm:^2.0.0":
  version: 2.0.4
  resolution: "pinkie@npm:2.0.4"
  checksum: b12b10afea1177595aab036fc220785488f67b4b0fc49e7a27979472592e971614fa1c728e63ad3e7eb748b4ec3c3dbd780819331dad6f7d635c77c10537b9db
  languageName: node
  linkType: hard

"postcss@npm:8.4.14":
  version: 8.4.14
  resolution: "postcss@npm:8.4.14"
  dependencies:
    nanoid: ^3.3.4
    picocolors: ^1.0.0
    source-map-js: ^1.0.2
  checksum: fe58766ff32e4becf65a7d57678995cfd239df6deed2fe0557f038b47c94e4132e7e5f68b5aa820c13adfec32e523b693efaeb65798efb995ce49ccd83953816
  languageName: node
  linkType: hard

"proxy-from-env@npm:^1.1.0":
  version: 1.1.0
  resolution: "proxy-from-env@npm:1.1.0"
  checksum: ed7fcc2ba0a33404958e34d95d18638249a68c430e30fcb6c478497d72739ba64ce9810a24f53a7d921d0c065e5b78e3822759800698167256b04659366ca4d4
  languageName: node
  linkType: hard

"react-dom@npm:18.2.0":
  version: 18.2.0
  resolution: "react-dom@npm:18.2.0"
  dependencies:
    loose-envify: ^1.1.0
    scheduler: ^0.23.0
  peerDependencies:
    react: ^18.2.0
  checksum: 7d323310bea3a91be2965f9468d552f201b1c27891e45ddc2d6b8f717680c95a75ae0bc1e3f5cf41472446a2589a75aed4483aee8169287909fcd59ad149e8cc
  languageName: node
  linkType: hard

"react@npm:18.2.0":
  version: 18.2.0
  resolution: "react@npm:18.2.0"
  dependencies:
    loose-envify: ^1.1.0
  checksum: 88e38092da8839b830cda6feef2e8505dec8ace60579e46aa5490fc3dc9bba0bd50336507dc166f43e3afc1c42939c09fe33b25fae889d6f402721dcd78fca1b
  languageName: node
  linkType: hard

"read-pkg-up@npm:^1.0.1":
  version: 1.0.1
  resolution: "read-pkg-up@npm:1.0.1"
  dependencies:
    find-up: ^1.0.0
    read-pkg: ^1.0.0
  checksum: d18399a0f46e2da32beb2f041edd0cda49d2f2cc30195a05c759ef3ed9b5e6e19ba1ad1bae2362bdec8c6a9f2c3d18f4d5e8c369e808b03d498d5781cb9122c7
  languageName: node
  linkType: hard

"read-pkg@npm:^1.0.0":
  version: 1.1.0
  resolution: "read-pkg@npm:1.1.0"
  dependencies:
    load-json-file: ^1.0.0
    normalize-package-data: ^2.3.2
    path-type: ^1.0.0
  checksum: a0f5d5e32227ec8e6a028dd5c5134eab229768dcb7a5d9a41a284ed28ad4b9284fecc47383dc1593b5694f4de603a7ffaee84b738956b9b77e0999567485a366
  languageName: node
  linkType: hard

"redent@npm:^1.0.0":
  version: 1.0.0
  resolution: "redent@npm:1.0.0"
  dependencies:
    indent-string: ^2.1.0
    strip-indent: ^1.0.1
  checksum: 2bb8f76fda9c9f44e26620047b0ba9dd1834b0a80309d0badcc23fdcf7bb27a7ca74e66b683baa0d4b8cb5db787f11be086504036d63447976f409dd3e73fd7d
  languageName: node
  linkType: hard

"remove-accents@npm:0.4.2":
  version: 0.4.2
  resolution: "remove-accents@npm:0.4.2"
  checksum: 84a6988555dea24115e2d1954db99509588d43fe55a1590f0b5894802776f7b488b3151c37ceb9e4f4b646f26b80b7325dcea2fae58bc3865df146e1fa606711
  languageName: node
  linkType: hard

"repeating@npm:^2.0.0":
  version: 2.0.1
  resolution: "repeating@npm:2.0.1"
  dependencies:
    is-finite: ^1.0.0
  checksum: d2db0b69c5cb0c14dd750036e0abcd6b3c3f7b2da3ee179786b755cf737ca15fa0fff417ca72de33d6966056f4695440e680a352401fc02c95ade59899afbdd0
  languageName: node
  linkType: hard

"resolve@npm:^1.10.0":
  version: 1.22.4
  resolution: "resolve@npm:1.22.4"
  dependencies:
    is-core-module: ^2.13.0
    path-parse: ^1.0.7
    supports-preserve-symlinks-flag: ^1.0.0
  bin:
    resolve: bin/resolve
  checksum: 23f25174c2736ce24c6d918910e0d1f89b6b38fefa07a995dff864acd7863d59a7f049e691f93b4b2ee29696303390d921552b6d1b841ed4a8101f517e1d0124
  languageName: node
  linkType: hard

"resolve@patch:resolve@^1.10.0#~builtin<compat/resolve>":
  version: 1.22.4
  resolution: "resolve@patch:resolve@npm%3A1.22.4#~builtin<compat/resolve>::version=1.22.4&hash=c3c19d"
  dependencies:
    is-core-module: ^2.13.0
    path-parse: ^1.0.7
    supports-preserve-symlinks-flag: ^1.0.0
  bin:
    resolve: bin/resolve
  checksum: c45f2545fdc4d21883861b032789e20aa67a2f2692f68da320cc84d5724cd02f2923766c5354b3210897e88f1a7b3d6d2c7c22faeead8eed7078e4c783a444bc
  languageName: node
  linkType: hard

"scheduler@npm:^0.23.0":
  version: 0.23.0
  resolution: "scheduler@npm:0.23.0"
  dependencies:
    loose-envify: ^1.1.0
  checksum: d79192eeaa12abef860c195ea45d37cbf2bbf5f66e3c4dcd16f54a7da53b17788a70d109ee3d3dde1a0fd50e6a8fc171f4300356c5aee4fc0171de526bf35f8a
  languageName: node
  linkType: hard

"semver@npm:2 || 3 || 4 || 5":
  version: 5.7.2
  resolution: "semver@npm:5.7.2"
  bin:
    semver: bin/semver
  checksum: fb4ab5e0dd1c22ce0c937ea390b4a822147a9c53dbd2a9a0132f12fe382902beef4fbf12cf51bb955248d8d15874ce8cd89532569756384f994309825f10b686
  languageName: node
  linkType: hard

"signal-exit@npm:^3.0.0":
  version: 3.0.7
  resolution: "signal-exit@npm:3.0.7"
  checksum: a2f098f247adc367dffc27845853e9959b9e88b01cb301658cfe4194352d8d2bb32e18467c786a7fe15f1d44b233ea35633d076d5e737870b7139949d1ab6318
  languageName: node
  linkType: hard

"source-map-js@npm:^1.0.2":
  version: 1.0.2
  resolution: "source-map-js@npm:1.0.2"
  checksum: c049a7fc4deb9a7e9b481ae3d424cc793cb4845daa690bc5a05d428bf41bf231ced49b4cf0c9e77f9d42fdb3d20d6187619fc586605f5eabe995a316da8d377c
  languageName: node
  linkType: hard

"spdx-correct@npm:^3.0.0":
  version: 3.2.0
  resolution: "spdx-correct@npm:3.2.0"
  dependencies:
    spdx-expression-parse: ^3.0.0
    spdx-license-ids: ^3.0.0
  checksum: e9ae98d22f69c88e7aff5b8778dc01c361ef635580e82d29e5c60a6533cc8f4d820803e67d7432581af0cc4fb49973125076ee3b90df191d153e223c004193b2
  languageName: node
  linkType: hard

"spdx-exceptions@npm:^2.1.0":
  version: 2.3.0
  resolution: "spdx-exceptions@npm:2.3.0"
  checksum: cb69a26fa3b46305637123cd37c85f75610e8c477b6476fa7354eb67c08128d159f1d36715f19be6f9daf4b680337deb8c65acdcae7f2608ba51931540687ac0
  languageName: node
  linkType: hard

"spdx-expression-parse@npm:^3.0.0":
  version: 3.0.1
  resolution: "spdx-expression-parse@npm:3.0.1"
  dependencies:
    spdx-exceptions: ^2.1.0
    spdx-license-ids: ^3.0.0
  checksum: a1c6e104a2cbada7a593eaa9f430bd5e148ef5290d4c0409899855ce8b1c39652bcc88a725259491a82601159d6dc790bedefc9016c7472f7de8de7361f8ccde
  languageName: node
  linkType: hard

"spdx-license-ids@npm:^3.0.0":
  version: 3.0.13
  resolution: "spdx-license-ids@npm:3.0.13"
  checksum: 3469d85c65f3245a279fa11afc250c3dca96e9e847f2f79d57f466940c5bb8495da08a542646086d499b7f24a74b8d0b42f3fc0f95d50ff99af1f599f6360ad7
  languageName: node
  linkType: hard

"split@npm:^1.0.0":
  version: 1.0.1
  resolution: "split@npm:1.0.1"
  dependencies:
    through: 2
  checksum: 12f4554a5792c7e98bb3e22b53c63bfa5ef89aa704353e1db608a55b51f5b12afaad6e4a8ecf7843c15f273f43cdadd67b3705cc43d48a75c2cf4641d51f7e7a
  languageName: node
  linkType: hard

"streamsearch@npm:^1.1.0":
  version: 1.1.0
  resolution: "streamsearch@npm:1.1.0"
  checksum: 1cce16cea8405d7a233d32ca5e00a00169cc0e19fbc02aa839959985f267335d435c07f96e5e0edd0eadc6d39c98d5435fb5bbbdefc62c41834eadc5622ad942
  languageName: node
  linkType: hard

"strip-ansi@npm:^3.0.0":
  version: 3.0.1
  resolution: "strip-ansi@npm:3.0.1"
  dependencies:
    ansi-regex: ^2.0.0
  checksum: 9b974de611ce5075c70629c00fa98c46144043db92ae17748fb780f706f7a789e9989fd10597b7c2053ae8d1513fd707816a91f1879b2f71e6ac0b6a863db465
  languageName: node
  linkType: hard

"strip-bom@npm:^2.0.0":
  version: 2.0.0
  resolution: "strip-bom@npm:2.0.0"
  dependencies:
    is-utf8: ^0.2.0
  checksum: 08efb746bc67b10814cd03d79eb31bac633393a782e3f35efbc1b61b5165d3806d03332a97f362822cf0d4dd14ba2e12707fcff44fe1c870c48a063a0c9e4944
  languageName: node
  linkType: hard

"strip-indent@npm:^1.0.1":
  version: 1.0.1
  resolution: "strip-indent@npm:1.0.1"
  dependencies:
    get-stdin: ^4.0.1
  bin:
    strip-indent: cli.js
  checksum: 81ad9a0b8a558bdbd05b66c6c437b9ab364aa2b5479ed89969ca7908e680e21b043d40229558c434b22b3d640622e39b66288e0456d601981ac9289de9700fbd
  languageName: node
  linkType: hard

"styled-jsx@npm:5.1.1":
  version: 5.1.1
  resolution: "styled-jsx@npm:5.1.1"
  dependencies:
    client-only: 0.0.1
  peerDependencies:
    react: ">= 16.8.0 || 17.x.x || ^18.0.0-0"
  peerDependenciesMeta:
    "@babel/core":
      optional: true
    babel-plugin-macros:
      optional: true
  checksum: 523a33b38603492547e861b98e29c873939b04e15fbe5ef16132c6f1e15958126647983c7d4675325038b428a5e91183d996e90141b18bdd1bbadf6e2c45b2fa
  languageName: node
  linkType: hard

"superjson@npm:^1.10.0":
  version: 1.13.1
  resolution: "superjson@npm:1.13.1"
  dependencies:
    copy-anything: ^3.0.2
  checksum: 9c8c664a924ce097250112428805ccc8b500018b31a91042e953d955108b8481c156005d836b413940c9fa5f124a3195f55f3a518fe76510a254a59f9151a204
  languageName: node
  linkType: hard

"supports-color@npm:^2.0.0":
  version: 2.0.0
  resolution: "supports-color@npm:2.0.0"
  checksum: 602538c5812b9006404370b5a4b885d3e2a1f6567d314f8b4a41974ffe7d08e525bf92ae0f9c7030e3b4c78e4e34ace55d6a67a74f1571bc205959f5972f88f0
  languageName: node
  linkType: hard

"supports-preserve-symlinks-flag@npm:^1.0.0":
  version: 1.0.0
  resolution: "supports-preserve-symlinks-flag@npm:1.0.0"
  checksum: 53b1e247e68e05db7b3808b99b892bd36fb096e6fba213a06da7fab22045e97597db425c724f2bbd6c99a3c295e1e73f3e4de78592289f38431049e1277ca0ae
  languageName: node
  linkType: hard

"through@npm:2, through@npm:^2.3.8":
  version: 2.3.8
  resolution: "through@npm:2.3.8"
  checksum: a38c3e059853c494af95d50c072b83f8b676a9ba2818dcc5b108ef252230735c54e0185437618596c790bbba8fcdaef5b290405981ffa09dce67b1f1bf190cbd
  languageName: node
  linkType: hard

"trim-newlines@npm:^1.0.0":
  version: 1.0.0
  resolution: "trim-newlines@npm:1.0.0"
  checksum: ed96eea318581c6f894c0a98d0c4f16dcce11a41794ce140a79db55f1cab709cd9117578ee5e49a9b52f41e9cd93eaf3efa6c4bddbc77afbf91128b396fadbc1
  languageName: node
  linkType: hard

"tslib@npm:^2.4.0":
  version: 2.6.2
  resolution: "tslib@npm:2.6.2"
  checksum: 329ea56123005922f39642318e3d1f0f8265d1e7fcb92c633e0809521da75eeaca28d2cf96d7248229deb40e5c19adf408259f4b9640afd20d13aecc1430f3ad
  languageName: node
  linkType: hard

"typescript@npm:5.2.2":
  version: 5.2.2
  resolution: "typescript@npm:5.2.2"
  bin:
    tsc: bin/tsc
    tsserver: bin/tsserver
  checksum: 7912821dac4d962d315c36800fe387cdc0a6298dba7ec171b350b4a6e988b51d7b8f051317786db1094bd7431d526b648aba7da8236607febb26cf5b871d2d3c
  languageName: node
  linkType: hard

"typescript@patch:typescript@5.2.2#~builtin<compat/typescript>":
  version: 5.2.2
  resolution: "typescript@patch:typescript@npm%3A5.2.2#~builtin<compat/typescript>::version=5.2.2&hash=f3b441"
  bin:
    tsc: bin/tsc
    tsserver: bin/tsserver
  checksum: 0f4da2f15e6f1245e49db15801dbee52f2bbfb267e1c39225afdab5afee1a72839cd86000e65ee9d7e4dfaff12239d28beaf5ee431357fcced15fb08583d72ca
  languageName: node
  linkType: hard

"use-sync-external-store@npm:^1.2.0":
  version: 1.2.0
  resolution: "use-sync-external-store@npm:1.2.0"
  peerDependencies:
    react: ^16.8.0 || ^17.0.0 || ^18.0.0
  checksum: 5c639e0f8da3521d605f59ce5be9e094ca772bd44a4ce7322b055a6f58eeed8dda3c94cabd90c7a41fb6fa852210092008afe48f7038792fd47501f33299116a
  languageName: node
  linkType: hard

"validate-npm-package-license@npm:^3.0.1":
  version: 3.0.4
  resolution: "validate-npm-package-license@npm:3.0.4"
  dependencies:
    spdx-correct: ^3.0.0
    spdx-expression-parse: ^3.0.0
  checksum: 35703ac889d419cf2aceef63daeadbe4e77227c39ab6287eeb6c1b36a746b364f50ba22e88591f5d017bc54685d8137bc2d328d0a896e4d3fd22093c0f32a9ad
  languageName: node
  linkType: hard

"watchpack@npm:2.4.0":
  version: 2.4.0
  resolution: "watchpack@npm:2.4.0"
  dependencies:
    glob-to-regexp: ^0.4.1
    graceful-fs: ^4.1.2
  checksum: 23d4bc58634dbe13b86093e01c6a68d8096028b664ab7139d58f0c37d962d549a940e98f2f201cecdabd6f9c340338dc73ef8bf094a2249ef582f35183d1a131
  languageName: node
  linkType: hard

"window-size@npm:^0.2.0":
  version: 0.2.0
  resolution: "window-size@npm:0.2.0"
  bin:
    window-size: cli.js
  checksum: a85e2acf156cfa194301294809867bdadd8a48ee5d972d9fa8e3e1b3420a1d0201b13ac8eb0348a0d14bbf2c3316565b6a749749c2384c5d286caf8a064c4f90
  languageName: node
  linkType: hard

"zod@npm:3.21.4":
  version: 3.21.4
  resolution: "zod@npm:3.21.4"
  checksum: f185ba87342ff16f7a06686767c2b2a7af41110c7edf7c1974095d8db7a73792696bcb4a00853de0d2edeb34a5b2ea6a55871bc864227dace682a0a28de33e1f
  languageName: node
  linkType: hard
